// !$*UTF8*$!
{
	archiveVersion = 1;
	classes = {
	};
	objectVersion = 46;
	objects = {

/* Begin PBXBuildFile section */
		66ACD9531E0F9BA3003B2E74 /* AppDelegate.swift in Sources */ = {isa = PBXBuildFile; fileRef = 66ACD9521E0F9BA3003B2E74 /* AppDelegate.swift */; };
		66ACD9551E0F9BA3003B2E74 /* ViewController.swift in Sources */ = {isa = PBXBuildFile; fileRef = 66ACD9541E0F9BA3003B2E74 /* ViewController.swift */; };
		66ACD9581E0F9BA3003B2E74 /* Main.storyboard in Resources */ = {isa = PBXBuildFile; fileRef = 66ACD9561E0F9BA3003B2E74 /* Main.storyboard */; };
		66ACD95A1E0F9BA3003B2E74 /* Assets.xcassets in Resources */ = {isa = PBXBuildFile; fileRef = 66ACD9591E0F9BA3003B2E74 /* Assets.xcassets */; };
		66ACD95D1E0F9BA3003B2E74 /* LaunchScreen.storyboard in Resources */ = {isa = PBXBuildFile; fileRef = 66ACD95B1E0F9BA3003B2E74 /* LaunchScreen.storyboard */; };
		66ACD9671E0F9DCA003B2E74 /* UIViewController+Swizzling.swift in Sources */ = {isa = PBXBuildFile; fileRef = 66ACD9661E0F9DCA003B2E74 /* UIViewController+Swizzling.swift */; };
		66ACD96B1E0FA96D003B2E74 /* UIViewController+Swizzling.m in Sources */ = {isa = PBXBuildFile; fileRef = 66ACD96A1E0FA96D003B2E74 /* UIViewController+Swizzling.m */; };
		66ACD96E1E0FAEC8003B2E74 /* NSArray+Swizzling.m in Sources */ = {isa = PBXBuildFile; fileRef = 66ACD96D1E0FAEC8003B2E74 /* NSArray+Swizzling.m */; };
/* End PBXBuildFile section */

/* Begin PBXFileReference section */
		66ACD94F1E0F9BA3003B2E74 /* RuntimeDemo.app */ = {isa = PBXFileReference; explicitFileType = wrapper.application; includeInIndex = 0; path = RuntimeDemo.app; sourceTree = BUILT_PRODUCTS_DIR; };
		66ACD9521E0F9BA3003B2E74 /* AppDelegate.swift */ = {isa = PBXFileReference; lastKnownFileType = sourcecode.swift; path = AppDelegate.swift; sourceTree = "<group>"; };
		66ACD9541E0F9BA3003B2E74 /* ViewController.swift */ = {isa = PBXFileReference; lastKnownFileType = sourcecode.swift; path = ViewController.swift; sourceTree = "<group>"; };
		66ACD9571E0F9BA3003B2E74 /* Base */ = {isa = PBXFileReference; lastKnownFileType = file.storyboard; name = Base; path = Base.lproj/Main.storyboard; sourceTree = "<group>"; };
		66ACD9591E0F9BA3003B2E74 /* Assets.xcassets */ = {isa = PBXFileReference; lastKnownFileType = folder.assetcatalog; path = Assets.xcassets; sourceTree = "<group>"; };
		66ACD95C1E0F9BA3003B2E74 /* Base */ = {isa = PBXFileReference; lastKnownFileType = file.storyboard; name = Base; path = Base.lproj/LaunchScreen.storyboard; sourceTree = "<group>"; };
		66ACD95E1E0F9BA3003B2E74 /* Info.plist */ = {isa = PBXFileReference; lastKnownFileType = text.plist.xml; path = Info.plist; sourceTree = "<group>"; };
		66ACD9661E0F9DCA003B2E74 /* UIViewController+Swizzling.swift */ = {isa = PBXFileReference; fileEncoding = 4; lastKnownFileType = sourcecode.swift; path = "UIViewController+Swizzling.swift"; sourceTree = "<group>"; };
		66ACD9681E0FA96D003B2E74 /* RuntimeDemo-Bridging-Header.h */ = {isa = PBXFileReference; lastKnownFileType = sourcecode.c.h; path = "RuntimeDemo-Bridging-Header.h"; sourceTree = "<group>"; };
		66ACD9691E0FA96D003B2E74 /* UIViewController+Swizzling.h */ = {isa = PBXFileReference; fileEncoding = 4; lastKnownFileType = sourcecode.c.h; path = "UIViewController+Swizzling.h"; sourceTree = "<group>"; };
		66ACD96A1E0FA96D003B2E74 /* UIViewController+Swizzling.m */ = {isa = PBXFileReference; fileEncoding = 4; lastKnownFileType = sourcecode.c.objc; path = "UIViewController+Swizzling.m"; sourceTree = "<group>"; };
		66ACD96C1E0FAEC8003B2E74 /* NSArray+Swizzling.h */ = {isa = PBXFileReference; fileEncoding = 4; lastKnownFileType = sourcecode.c.h; path = "NSArray+Swizzling.h"; sourceTree = "<group>"; };
		66ACD96D1E0FAEC8003B2E74 /* NSArray+Swizzling.m */ = {isa = PBXFileReference; fileEncoding = 4; lastKnownFileType = sourcecode.c.objc; path = "NSArray+Swizzling.m"; sourceTree = "<group>"; };
/* End PBXFileReference section */

/* Begin PBXFrameworksBuildPhase section */
		66ACD94C1E0F9BA3003B2E74 /* Frameworks */ = {
			isa = PBXFrameworksBuildPhase;
			buildActionMask = 2147483647;
			files = (
			);
			runOnlyForDeploymentPostprocessing = 0;
		};
/* End PBXFrameworksBuildPhase section */

/* Begin PBXGroup section */
		66ACD9461E0F9BA3003B2E74 = {
			isa = PBXGroup;
			children = (
				66ACD9511E0F9BA3003B2E74 /* RuntimeDemo */,
				66ACD9501E0F9BA3003B2E74 /* Products */,
			);
			sourceTree = "<group>";
		};
		66ACD9501E0F9BA3003B2E74 /* Products */ = {
			isa = PBXGroup;
			children = (
				66ACD94F1E0F9BA3003B2E74 /* RuntimeDemo.app */,
			);
			name = Products;
			sourceTree = "<group>";
		};
		66ACD9511E0F9BA3003B2E74 /* RuntimeDemo */ = {
			isa = PBXGroup;
			children = (
				66ACD9521E0F9BA3003B2E74 /* AppDelegate.swift */,
				66ACD9541E0F9BA3003B2E74 /* ViewController.swift */,
				66ACD9561E0F9BA3003B2E74 /* Main.storyboard */,
				66ACD9591E0F9BA3003B2E74 /* Assets.xcassets */,
				66ACD95B1E0F9BA3003B2E74 /* LaunchScreen.storyboard */,
				66ACD95E1E0F9BA3003B2E74 /* Info.plist */,
				66ACD9661E0F9DCA003B2E74 /* UIViewController+Swizzling.swift */,
				66ACD9691E0FA96D003B2E74 /* UIViewController+Swizzling.h */,
				66ACD96A1E0FA96D003B2E74 /* UIViewController+Swizzling.m */,
				66ACD9681E0FA96D003B2E74 /* RuntimeDemo-Bridging-Header.h */,
				66ACD96C1E0FAEC8003B2E74 /* NSArray+Swizzling.h */,
				66ACD96D1E0FAEC8003B2E74 /* NSArray+Swizzling.m */,
			);
			path = RuntimeDemo;
			sourceTree = "<group>";
		};
/* End PBXGroup section */

/* Begin PBXNativeTarget section */
		66ACD94E1E0F9BA3003B2E74 /* RuntimeDemo */ = {
			isa = PBXNativeTarget;
			buildConfigurationList = 66ACD9611E0F9BA3003B2E74 /* Build configuration list for PBXNativeTarget "RuntimeDemo" */;
			buildPhases = (
				66ACD94B1E0F9BA3003B2E74 /* Sources */,
				66ACD94C1E0F9BA3003B2E74 /* Frameworks */,
				66ACD94D1E0F9BA3003B2E74 /* Resources */,
			);
			buildRules = (
			);
			dependencies = (
			);
			name = RuntimeDemo;
			productName = RuntimeDemo;
			productReference = 66ACD94F1E0F9BA3003B2E74 /* RuntimeDemo.app */;
			productType = "com.apple.product-type.application";
		};
/* End PBXNativeTarget section */

/* Begin PBXProject section */
		66ACD9471E0F9BA3003B2E74 /* Project object */ = {
			isa = PBXProject;
			attributes = {
				LastSwiftUpdateCheck = 0820;
				LastUpgradeCheck = 0820;
				ORGANIZATIONNAME = liyy;
				TargetAttributes = {
					66ACD94E1E0F9BA3003B2E74 = {
						CreatedOnToolsVersion = 8.2.1;
						DevelopmentTeam = 2LTL7JD237;
						LastSwiftMigration = 0820;
						ProvisioningStyle = Automatic;
					};
				};
			};
			buildConfigurationList = 66ACD94A1E0F9BA3003B2E74 /* Build configuration list for PBXProject "RuntimeDemo" */;
			compatibilityVersion = "Xcode 3.2";
			developmentRegion = English;
			hasScannedForEncodings = 0;
			knownRegions = (
				en,
				Base,
			);
			mainGroup = 66ACD9461E0F9BA3003B2E74;
			productRefGroup = 66ACD9501E0F9BA3003B2E74 /* Products */;
			projectDirPath = "";
			projectRoot = "";
			targets = (
				66ACD94E1E0F9BA3003B2E74 /* RuntimeDemo */,
			);
		};
/* End PBXProject section */

/* Begin PBXResourcesBuildPhase section */
		66ACD94D1E0F9BA3003B2E74 /* Resources */ = {
			isa = PBXResourcesBuildPhase;
			buildActionMask = 2147483647;
			files = (
				66ACD95D1E0F9BA3003B2E74 /* LaunchScreen.storyboard in Resources */,
				66ACD95A1E0F9BA3003B2E74 /* Assets.xcassets in Resources */,
				66ACD9581E0F9BA3003B2E74 /* Main.storyboard in Resources */,
			);
			runOnlyForDeploymentPostprocessing = 0;
		};
/* End PBXResourcesBuildPhase section */

/* Begin PBXSourcesBuildPhase section */
		66ACD94B1E0F9BA3003B2E74 /* Sources */ = {
			isa = PBXSourcesBuildPhase;
			buildActionMask = 2147483647;
			files = (
				66ACD96E1E0FAEC8003B2E74 /* NSArray+Swizzling.m in Sources */,
				66ACD96B1E0FA96D003B2E74 /* UIViewController+Swizzling.m in Sources */,
				66ACD9551E0F9BA3003B2E74 /* ViewController.swift in Sources */,
				66ACD9671E0F9DCA003B2E74 /* UIViewController+Swizzling.swift in Sources */,
				66ACD9531E0F9BA3003B2E74 /* AppDelegate.swift in Sources */,
			);
			runOnlyForDeploymentPostprocessing = 0;
		};
/* End PBXSourcesBuildPhase section */

/* Begin PBXVariantGroup section */
		66ACD9561E0F9BA3003B2E74 /* Main.storyboard */ = {
			isa = PBXVariantGroup;
			children = (
				66ACD9571E0F9BA3003B2E74 /* Base */,
			);
			name = Main.storyboard;
			sourceTree = "<group>";
		};
		66ACD95B1E0F9BA3003B2E74 /* LaunchScreen.storyboard */ = {
			isa = PBXVariantGroup;
			children = (
				66ACD95C1E0F9BA3003B2E74 /* Base */,
			);
			name = LaunchScreen.storyboard;
			sourceTree = "<group>";
		};
/* End PBXVariantGroup section */

/* Begin XCBuildConfiguration section */
		66ACD95F1E0F9BA3003B2E74 /* Debug */ = {
			isa = XCBuildConfiguration;
			buildSettings = {
				ALWAYS_SEARCH_USER_PATHS = NO;
				CLANG_ANALYZER_NONNULL = YES;
				CLANG_CXX_LANGUAGE_STANDARD = "gnu++0x";
				CLANG_CXX_LIBRARY = "libc++";
				CLANG_ENABLE_MODULES = YES;
				CLANG_ENABLE_OBJC_ARC = YES;
				CLANG_WARN_BOOL_CONVERSION = YES;
				CLANG_WARN_CONSTANT_CONVERSION = YES;
				CLANG_WARN_DIRECT_OBJC_ISA_USAGE = YES_ERROR;
				CLANG_WARN_DOCUMENTATION_COMMENTS = YES;
				CLANG_WARN_EMPTY_BODY = YES;
				CLANG_WARN_ENUM_CONVERSION = YES;
				CLANG_WARN_INFINITE_RECURSION = YES;
				CLANG_WARN_INT_CONVERSION = YES;
				CLANG_WARN_OBJC_ROOT_CLASS = YES_ERROR;
				CLANG_WARN_SUSPICIOUS_MOVE = YES;
				CLANG_WARN_UNREACHABLE_CODE = YES;
				CLANG_WARN__DUPLICATE_METHOD_MATCH = YES;
				"CODE_SIGN_IDENTITY[sdk=iphoneos*]" = "iPhone Developer";
				COPY_PHASE_STRIP = NO;
				DEBUG_INFORMATION_FORMAT = dwarf;
				ENABLE_STRICT_OBJC_MSGSEND = YES;
				ENABLE_TESTABILITY = YES;
				GCC_C_LANGUAGE_STANDARD = gnu99;
				GCC_DYNAMIC_NO_PIC = NO;
				GCC_NO_COMMON_BLOCKS = YES;
				GCC_OPTIMIZATION_LEVEL = 0;
				GCC_PREPROCESSOR_DEFINITIONS = (
					"DEBUG=1",
					"$(inherited)",
				);
				GCC_WARN_64_TO_32_BIT_CONVERSION = YES;
				GCC_WARN_ABOUT_RETURN_TYPE = YES_ERROR;
				GCC_WARN_UNDECLARED_SELECTOR = YES;
				GCC_WARN_UNINITIALIZED_AUTOS = YES_AGGRESSIVE;
				GCC_WARN_UNUSED_FUNCTION = YES;
				GCC_WARN_UNUSED_VARIABLE = YES;
				IPHONEOS_DEPLOYMENT_TARGET = 10.2;
				MTL_ENABLE_DEBUG_INFO = YES;
				ONLY_ACTIVE_ARCH = YES;
				SDKROOT = iphoneos;
				SWIFT_ACTIVE_COMPILATION_CONDITIONS = DEBUG;
				SWIFT_OPTIMIZATION_LEVEL = "-Onone";
			};
			name = Debug;
		};
		66ACD9601E0F9BA3003B2E74 /* Release */ = {
			isa = XCBuildConfiguration;
			buildSettings = {
				ALWAYS_SEARCH_USER_PATHS = NO;
				CLANG_ANALYZER_NONNULL = YES;
				CLANG_CXX_LANGUAGE_STANDARD = "gnu++0x";
				CLANG_CXX_LIBRARY = "libc++";
				CLANG_ENABLE_MODULES = YES;
				CLANG_ENABLE_OBJC_ARC = YES;
				CLANG_WARN_BOOL_CONVERSION = YES;
				CLANG_WARN_CONSTANT_CONVERSION = YES;
				CLANG_WARN_DIRECT_OBJC_ISA_USAGE = YES_ERROR;
				CLANG_WARN_DOCUMENTATION_COMMENTS = YES;
				CLANG_WARN_EMPTY_BODY = YES;
				CLANG_WARN_ENUM_CONVERSION = YES;
				CLANG_WARN_INFINITE_RECURSION = YES;
				CLANG_WARN_INT_CONVERSION = YES;
				CLANG_WARN_OBJC_ROOT_CLASS = YES_ERROR;
				CLANG_WARN_SUSPICIOUS_MOVE = YES;
				CLANG_WARN_UNREACHABLE_CODE = YES;
				CLANG_WARN__DUPLICATE_METHOD_MATCH = YES;
				"CODE_SIGN_IDENTITY[sdk=iphoneos*]" = "iPhone Developer";
				COPY_PHASE_STRIP = NO;
				DEBUG_INFORMATION_FORMAT = "dwarf-with-dsym";
				ENABLE_NS_ASSERTIONS = NO;
				ENABLE_STRICT_OBJC_MSGSEND = YES;
				GCC_C_LANGUAGE_STANDARD = gnu99;
				GCC_NO_COMMON_BLOCKS = YES;
				GCC_WARN_64_TO_32_BIT_CONVERSION = YES;
				GCC_WARN_ABOUT_RETURN_TYPE = YES_ERROR;
				GCC_WARN_UNDECLARED_SELECTOR = YES;
				GCC_WARN_UNINITIALIZED_AUTOS = YES_AGGRESSIVE;
				GCC_WARN_UNUSED_FUNCTION = YES;
				GCC_WARN_UNUSED_VARIABLE = YES;
				IPHONEOS_DEPLOYMENT_TARGET = 10.2;
				MTL_ENABLE_DEBUG_INFO = NO;
				SDKROOT = iphoneos;
				SWIFT_OPTIMIZATION_LEVEL = "-Owholemodule";
				VALIDATE_PRODUCT = YES;
			};
			name = Release;
		};
		66ACD9621E0F9BA3003B2E74 /* Debug */ = {
			isa = XCBuildConfiguration;
			buildSettings = {
				ASSETCATALOG_COMPILER_APPICON_NAME = AppIcon;
				CLANG_ENABLE_MODULES = YES;
				DEVELOPMENT_TEAM = 2LTL7JD237;
				ENABLE_STRICT_OBJC_MSGSEND = NO;
				INFOPLIST_FILE = RuntimeDemo/Info.plist;
				IPHONEOS_DEPLOYMENT_TARGET = 9.0;
				LD_RUNPATH_SEARCH_PATHS = "$(inherited) @executable_path/Frameworks";
				PRODUCT_BUNDLE_IDENTIFIER = cn.liyy.runtime.RuntimeDemo;
				PRODUCT_NAME = "$(TARGET_NAME)";
				SWIFT_OBJC_BRIDGING_HEADER = "RuntimeDemo/RuntimeDemo-Bridging-Header.h";
				SWIFT_OPTIMIZATION_LEVEL = "-Onone";
				SWIFT_VERSION = 3.0;
			};
			name = Debug;
		};
		66ACD9631E0F9BA3003B2E74 /* Release */ = {
			isa = XCBuildConfiguration;
			buildSettings = {
				ASSETCATALOG_COMPILER_APPICON_NAME = AppIcon;
				CLANG_ENABLE_MODULES = YES;
				DEVELOPMENT_TEAM = 2LTL7JD237;
				ENABLE_STRICT_OBJC_MSGSEND = NO;
				INFOPLIST_FILE = RuntimeDemo/Info.plist;
				IPHONEOS_DEPLOYMENT_TARGET = 9.0;
				LD_RUNPATH_SEARCH_PATHS = "$(inherited) @executable_path/Frameworks";
				PRODUCT_BUNDLE_IDENTIFIER = cn.liyy.runtime.RuntimeDemo;
				PRODUCT_NAME = "$(TARGET_NAME)";
				SWIFT_OBJC_BRIDGING_HEADER = "RuntimeDemo/RuntimeDemo-Bridging-Header.h";
				SWIFT_VERSION = 3.0;
			};
			name = Release;
		};
/* End XCBuildConfiguration section */

/* Begin XCConfigurationList section */
		66ACD94A1E0F9BA3003B2E74 /* Build configuration list for PBXProject "RuntimeDemo" */ = {
			isa = XCConfigurationList;
			buildConfigurations = (
				66ACD95F1E0F9BA3003B2E74 /* Debug */,
				66ACD9601E0F9BA3003B2E74 /* Release */,
			);
			defaultConfigurationIsVisible = 0;
			defaultConfigurationName = Release;
		};
		66ACD9611E0F9BA3003B2E74 /* Build configuration list for PBXNativeTarget "RuntimeDemo" */ = {
			isa = XCConfigurationList;
			buildConfigurations = (
				66ACD9621E0F9BA3003B2E74 /* Debug */,
				66ACD9631E0F9BA3003B2E74 /* Release */,
			);
			defaultConfigurationIsVisible = 0;
		};
/* End XCConfigurationList section */
	};
	rootObject = 66ACD9471E0F9BA3003B2E74 /* Project object */;
}
