// !$*UTF8*$!
{
	archiveVersion = 1;
	classes = {
	};
	objectVersion = 46;
	objects = {

/* Begin PBXBuildFile section */
		6658F6491E12109E00209D79 /* main.m in Sources */ = {isa = PBXBuildFile; fileRef = 6658F6481E12109E00209D79 /* main.m */; };
		6658F64C1E12109E00209D79 /* AppDelegate.m in Sources */ = {isa = PBXBuildFile; fileRef = 6658F64B1E12109E00209D79 /* AppDelegate.m */; };
		6658F64F1E12109E00209D79 /* ViewController.m in Sources */ = {isa = PBXBuildFile; fileRef = 6658F64E1E12109E00209D79 /* ViewController.m */; };
		6658F6521E12109E00209D79 /* Main.storyboard in Resources */ = {isa = PBXBuildFile; fileRef = 6658F6501E12109E00209D79 /* Main.storyboard */; };
		6658F6541E12109E00209D79 /* Assets.xcassets in Resources */ = {isa = PBXBuildFile; fileRef = 6658F6531E12109E00209D79 /* Assets.xcassets */; };
		6658F6571E12109E00209D79 /* LaunchScreen.storyboard in Resources */ = {isa = PBXBuildFile; fileRef = 6658F6551E12109E00209D79 /* LaunchScreen.storyboard */; };
		6658F6631E1211AD00209D79 /* NSThreadViewController.m in Sources */ = {isa = PBXBuildFile; fileRef = 6658F6621E1211AD00209D79 /* NSThreadViewController.m */; };
		6658F6651E1355C600209D79 /* nsthread.storyboard in Resources */ = {isa = PBXBuildFile; fileRef = 6658F6641E1355C600209D79 /* nsthread.storyboard */; };
		6658F6681E135B3100209D79 /* LockViewController.m in Sources */ = {isa = PBXBuildFile; fileRef = 6658F6671E135B3100209D79 /* LockViewController.m */; };
		6658F66B1E135E7A00209D79 /* NSOperationViewController.m in Sources */ = {isa = PBXBuildFile; fileRef = 6658F66A1E135E7A00209D79 /* NSOperationViewController.m */; };
		6658F66D1E135EFC00209D79 /* nsoperation.storyboard in Resources */ = {isa = PBXBuildFile; fileRef = 6658F66C1E135EFC00209D79 /* nsoperation.storyboard */; };
		6658F6701E13604F00209D79 /* OperationMethod.m in Sources */ = {isa = PBXBuildFile; fileRef = 6658F66F1E13604F00209D79 /* OperationMethod.m */; };
		6658F6731E1362B400209D79 /* SubClassOperation.m in Sources */ = {isa = PBXBuildFile; fileRef = 6658F6721E1362B400209D79 /* SubClassOperation.m */; };
		6658F6761E138E3000209D79 /* ConcurrenOperation.m in Sources */ = {isa = PBXBuildFile; fileRef = 6658F6751E138E3000209D79 /* ConcurrenOperation.m */; };
		6658F6791E13923E00209D79 /* ConcurrenOperation2.m in Sources */ = {isa = PBXBuildFile; fileRef = 6658F6781E13923E00209D79 /* ConcurrenOperation2.m */; };
		6658F67C1E139E1B00209D79 /* SerialOperation.m in Sources */ = {isa = PBXBuildFile; fileRef = 6658F67B1E139E1B00209D79 /* SerialOperation.m */; };
		6669AC431E1B459E006E6A0F /* gcd.storyboard in Resources */ = {isa = PBXBuildFile; fileRef = 6669AC421E1B459E006E6A0F /* gcd.storyboard */; };
		6669AC461E1B4C0F006E6A0F /* GCDViewController.m in Sources */ = {isa = PBXBuildFile; fileRef = 6669AC451E1B4C0F006E6A0F /* GCDViewController.m */; };
		6669AC491E1B4E89006E6A0F /* GCDMethod.m in Sources */ = {isa = PBXBuildFile; fileRef = 6669AC481E1B4E89006E6A0F /* GCDMethod.m */; };
/* End PBXBuildFile section */

/* Begin PBXFileReference section */
		6658F6441E12109E00209D79 /* MultiThreadDemo.app */ = {isa = PBXFileReference; explicitFileType = wrapper.application; includeInIndex = 0; path = MultiThreadDemo.app; sourceTree = BUILT_PRODUCTS_DIR; };
		6658F6481E12109E00209D79 /* main.m */ = {isa = PBXFileReference; lastKnownFileType = sourcecode.c.objc; path = main.m; sourceTree = "<group>"; };
		6658F64A1E12109E00209D79 /* AppDelegate.h */ = {isa = PBXFileReference; lastKnownFileType = sourcecode.c.h; path = AppDelegate.h; sourceTree = "<group>"; };
		6658F64B1E12109E00209D79 /* AppDelegate.m */ = {isa = PBXFileReference; lastKnownFileType = sourcecode.c.objc; path = AppDelegate.m; sourceTree = "<group>"; };
		6658F64D1E12109E00209D79 /* ViewController.h */ = {isa = PBXFileReference; lastKnownFileType = sourcecode.c.h; path = ViewController.h; sourceTree = "<group>"; };
		6658F64E1E12109E00209D79 /* ViewController.m */ = {isa = PBXFileReference; lastKnownFileType = sourcecode.c.objc; path = ViewController.m; sourceTree = "<group>"; };
		6658F6511E12109E00209D79 /* Base */ = {isa = PBXFileReference; lastKnownFileType = file.storyboard; name = Base; path = Base.lproj/Main.storyboard; sourceTree = "<group>"; };
		6658F6531E12109E00209D79 /* Assets.xcassets */ = {isa = PBXFileReference; lastKnownFileType = folder.assetcatalog; path = Assets.xcassets; sourceTree = "<group>"; };
		6658F6561E12109E00209D79 /* Base */ = {isa = PBXFileReference; lastKnownFileType = file.storyboard; name = Base; path = Base.lproj/LaunchScreen.storyboard; sourceTree = "<group>"; };
		6658F6581E12109E00209D79 /* Info.plist */ = {isa = PBXFileReference; lastKnownFileType = text.plist.xml; path = Info.plist; sourceTree = "<group>"; };
		6658F6611E1211AD00209D79 /* NSThreadViewController.h */ = {isa = PBXFileReference; fileEncoding = 4; lastKnownFileType = sourcecode.c.h; path = NSThreadViewController.h; sourceTree = "<group>"; };
		6658F6621E1211AD00209D79 /* NSThreadViewController.m */ = {isa = PBXFileReference; fileEncoding = 4; lastKnownFileType = sourcecode.c.objc; path = NSThreadViewController.m; sourceTree = "<group>"; };
		6658F6641E1355C600209D79 /* nsthread.storyboard */ = {isa = PBXFileReference; fileEncoding = 4; lastKnownFileType = file.storyboard; path = nsthread.storyboard; sourceTree = "<group>"; };
		6658F6661E135B3100209D79 /* LockViewController.h */ = {isa = PBXFileReference; fileEncoding = 4; lastKnownFileType = sourcecode.c.h; path = LockViewController.h; sourceTree = "<group>"; };
		6658F6671E135B3100209D79 /* LockViewController.m */ = {isa = PBXFileReference; fileEncoding = 4; lastKnownFileType = sourcecode.c.objc; path = LockViewController.m; sourceTree = "<group>"; };
		6658F6691E135E7A00209D79 /* NSOperationViewController.h */ = {isa = PBXFileReference; fileEncoding = 4; lastKnownFileType = sourcecode.c.h; path = NSOperationViewController.h; sourceTree = "<group>"; };
		6658F66A1E135E7A00209D79 /* NSOperationViewController.m */ = {isa = PBXFileReference; fileEncoding = 4; lastKnownFileType = sourcecode.c.objc; path = NSOperationViewController.m; sourceTree = "<group>"; };
		6658F66C1E135EFC00209D79 /* nsoperation.storyboard */ = {isa = PBXFileReference; fileEncoding = 4; lastKnownFileType = file.storyboard; path = nsoperation.storyboard; sourceTree = "<group>"; };
		6658F66E1E13604F00209D79 /* OperationMethod.h */ = {isa = PBXFileReference; fileEncoding = 4; lastKnownFileType = sourcecode.c.h; path = OperationMethod.h; sourceTree = "<group>"; };
		6658F66F1E13604F00209D79 /* OperationMethod.m */ = {isa = PBXFileReference; fileEncoding = 4; lastKnownFileType = sourcecode.c.objc; path = OperationMethod.m; sourceTree = "<group>"; };
		6658F6711E1362B400209D79 /* SubClassOperation.h */ = {isa = PBXFileReference; fileEncoding = 4; lastKnownFileType = sourcecode.c.h; path = SubClassOperation.h; sourceTree = "<group>"; };
		6658F6721E1362B400209D79 /* SubClassOperation.m */ = {isa = PBXFileReference; fileEncoding = 4; lastKnownFileType = sourcecode.c.objc; path = SubClassOperation.m; sourceTree = "<group>"; };
		6658F6741E138E3000209D79 /* ConcurrenOperation.h */ = {isa = PBXFileReference; fileEncoding = 4; lastKnownFileType = sourcecode.c.h; path = ConcurrenOperation.h; sourceTree = "<group>"; };
		6658F6751E138E3000209D79 /* ConcurrenOperation.m */ = {isa = PBXFileReference; fileEncoding = 4; lastKnownFileType = sourcecode.c.objc; path = ConcurrenOperation.m; sourceTree = "<group>"; };
		6658F6771E13923E00209D79 /* ConcurrenOperation2.h */ = {isa = PBXFileReference; fileEncoding = 4; lastKnownFileType = sourcecode.c.h; path = ConcurrenOperation2.h; sourceTree = "<group>"; };
		6658F6781E13923E00209D79 /* ConcurrenOperation2.m */ = {isa = PBXFileReference; fileEncoding = 4; lastKnownFileType = sourcecode.c.objc; path = ConcurrenOperation2.m; sourceTree = "<group>"; };
		6658F67A1E139E1B00209D79 /* SerialOperation.h */ = {isa = PBXFileReference; fileEncoding = 4; lastKnownFileType = sourcecode.c.h; path = SerialOperation.h; sourceTree = "<group>"; };
		6658F67B1E139E1B00209D79 /* SerialOperation.m */ = {isa = PBXFileReference; fileEncoding = 4; lastKnownFileType = sourcecode.c.objc; path = SerialOperation.m; sourceTree = "<group>"; };
		6669AC421E1B459E006E6A0F /* gcd.storyboard */ = {isa = PBXFileReference; fileEncoding = 4; lastKnownFileType = file.storyboard; path = gcd.storyboard; sourceTree = "<group>"; };
		6669AC441E1B4C0F006E6A0F /* GCDViewController.h */ = {isa = PBXFileReference; fileEncoding = 4; lastKnownFileType = sourcecode.c.h; path = GCDViewController.h; sourceTree = "<group>"; };
		6669AC451E1B4C0F006E6A0F /* GCDViewController.m */ = {isa = PBXFileReference; fileEncoding = 4; lastKnownFileType = sourcecode.c.objc; path = GCDViewController.m; sourceTree = "<group>"; };
		6669AC471E1B4E89006E6A0F /* GCDMethod.h */ = {isa = PBXFileReference; fileEncoding = 4; lastKnownFileType = sourcecode.c.h; path = GCDMethod.h; sourceTree = "<group>"; };
		6669AC481E1B4E89006E6A0F /* GCDMethod.m */ = {isa = PBXFileReference; fileEncoding = 4; lastKnownFileType = sourcecode.c.objc; path = GCDMethod.m; sourceTree = "<group>"; };
/* End PBXFileReference section */

/* Begin PBXFrameworksBuildPhase section */
		6658F6411E12109E00209D79 /* Frameworks */ = {
			isa = PBXFrameworksBuildPhase;
			buildActionMask = 2147483647;
			files = (
			);
			runOnlyForDeploymentPostprocessing = 0;
		};
/* End PBXFrameworksBuildPhase section */

/* Begin PBXGroup section */
		6658F63B1E12109E00209D79 = {
			isa = PBXGroup;
			children = (
				6658F6461E12109E00209D79 /* MultiThreadDemo */,
				6658F6451E12109E00209D79 /* Products */,
			);
			sourceTree = "<group>";
		};
		6658F6451E12109E00209D79 /* Products */ = {
			isa = PBXGroup;
			children = (
				6658F6441E12109E00209D79 /* MultiThreadDemo.app */,
			);
			name = Products;
			sourceTree = "<group>";
		};
		6658F6461E12109E00209D79 /* MultiThreadDemo */ = {
			isa = PBXGroup;
			children = (
				6658F64A1E12109E00209D79 /* AppDelegate.h */,
				6658F64B1E12109E00209D79 /* AppDelegate.m */,
				6658F64D1E12109E00209D79 /* ViewController.h */,
				6658F64E1E12109E00209D79 /* ViewController.m */,
				6658F6501E12109E00209D79 /* Main.storyboard */,
				6658F65E1E1210D400209D79 /* GCD */,
				6658F65F1E1210D400209D79 /* NSOperation */,
				6658F6601E1210D400209D79 /* NSThread */,
				6658F6531E12109E00209D79 /* Assets.xcassets */,
				6658F6551E12109E00209D79 /* LaunchScreen.storyboard */,
				6658F6581E12109E00209D79 /* Info.plist */,
				6658F6471E12109E00209D79 /* Supporting Files */,
			);
			path = MultiThreadDemo;
			sourceTree = "<group>";
		};
		6658F6471E12109E00209D79 /* Supporting Files */ = {
			isa = PBXGroup;
			children = (
				6658F6481E12109E00209D79 /* main.m */,
			);
			name = "Supporting Files";
			sourceTree = "<group>";
		};
		6658F65E1E1210D400209D79 /* GCD */ = {
			isa = PBXGroup;
			children = (
				6669AC421E1B459E006E6A0F /* gcd.storyboard */,
				6669AC441E1B4C0F006E6A0F /* GCDViewController.h */,
				6669AC451E1B4C0F006E6A0F /* GCDViewController.m */,
				6669AC471E1B4E89006E6A0F /* GCDMethod.h */,
				6669AC481E1B4E89006E6A0F /* GCDMethod.m */,
			);
			path = GCD;
			sourceTree = "<group>";
		};
		6658F65F1E1210D400209D79 /* NSOperation */ = {
			isa = PBXGroup;
			children = (
				6658F6691E135E7A00209D79 /* NSOperationViewController.h */,
				6658F66A1E135E7A00209D79 /* NSOperationViewController.m */,
				6658F66C1E135EFC00209D79 /* nsoperation.storyboard */,
				6658F66E1E13604F00209D79 /* OperationMethod.h */,
				6658F66F1E13604F00209D79 /* OperationMethod.m */,
				6658F6711E1362B400209D79 /* SubClassOperation.h */,
				6658F6721E1362B400209D79 /* SubClassOperation.m */,
				6658F67A1E139E1B00209D79 /* SerialOperation.h */,
				6658F67B1E139E1B00209D79 /* SerialOperation.m */,
				6658F6741E138E3000209D79 /* ConcurrenOperation.h */,
				6658F6751E138E3000209D79 /* ConcurrenOperation.m */,
				6658F6771E13923E00209D79 /* ConcurrenOperation2.h */,
				6658F6781E13923E00209D79 /* ConcurrenOperation2.m */,
			);
			path = NSOperation;
			sourceTree = "<group>";
		};
		6658F6601E1210D400209D79 /* NSThread */ = {
			isa = PBXGroup;
			children = (
				6658F6611E1211AD00209D79 /* NSThreadViewController.h */,
				6658F6621E1211AD00209D79 /* NSThreadViewController.m */,
				6658F6641E1355C600209D79 /* nsthread.storyboard */,
				6658F6661E135B3100209D79 /* LockViewController.h */,
				6658F6671E135B3100209D79 /* LockViewController.m */,
			);
			path = NSThread;
			sourceTree = "<group>";
		};
/* End PBXGroup section */

/* Begin PBXNativeTarget section */
		6658F6431E12109E00209D79 /* MultiThreadDemo */ = {
			isa = PBXNativeTarget;
			buildConfigurationList = 6658F65B1E12109E00209D79 /* Build configuration list for PBXNativeTarget "MultiThreadDemo" */;
			buildPhases = (
				6658F6401E12109E00209D79 /* Sources */,
				6658F6411E12109E00209D79 /* Frameworks */,
				6658F6421E12109E00209D79 /* Resources */,
			);
			buildRules = (
			);
			dependencies = (
			);
			name = MultiThreadDemo;
			productName = MultiThreadDemo;
			productReference = 6658F6441E12109E00209D79 /* MultiThreadDemo.app */;
			productType = "com.apple.product-type.application";
		};
/* End PBXNativeTarget section */

/* Begin PBXProject section */
		6658F63C1E12109E00209D79 /* Project object */ = {
			isa = PBXProject;
			attributes = {
				LastUpgradeCheck = 0820;
				ORGANIZATIONNAME = liyy;
				TargetAttributes = {
					6658F6431E12109E00209D79 = {
						CreatedOnToolsVersion = 8.2.1;
						DevelopmentTeam = 2LTL7JD237;
						ProvisioningStyle = Automatic;
					};
				};
			};
			buildConfigurationList = 6658F63F1E12109E00209D79 /* Build configuration list for PBXProject "MultiThreadDemo" */;
			compatibilityVersion = "Xcode 3.2";
			developmentRegion = English;
			hasScannedForEncodings = 0;
			knownRegions = (
				en,
				Base,
			);
			mainGroup = 6658F63B1E12109E00209D79;
			productRefGroup = 6658F6451E12109E00209D79 /* Products */;
			projectDirPath = "";
			projectRoot = "";
			targets = (
				6658F6431E12109E00209D79 /* MultiThreadDemo */,
			);
		};
/* End PBXProject section */

/* Begin PBXResourcesBuildPhase section */
		6658F6421E12109E00209D79 /* Resources */ = {
			isa = PBXResourcesBuildPhase;
			buildActionMask = 2147483647;
			files = (
				6658F6571E12109E00209D79 /* LaunchScreen.storyboard in Resources */,
				6658F66D1E135EFC00209D79 /* nsoperation.storyboard in Resources */,
				6658F6541E12109E00209D79 /* Assets.xcassets in Resources */,
				6669AC431E1B459E006E6A0F /* gcd.storyboard in Resources */,
				6658F6521E12109E00209D79 /* Main.storyboard in Resources */,
				6658F6651E1355C600209D79 /* nsthread.storyboard in Resources */,
			);
			runOnlyForDeploymentPostprocessing = 0;
		};
/* End PBXResourcesBuildPhase section */

/* Begin PBXSourcesBuildPhase section */
		6658F6401E12109E00209D79 /* Sources */ = {
			isa = PBXSourcesBuildPhase;
			buildActionMask = 2147483647;
			files = (
				6669AC491E1B4E89006E6A0F /* GCDMethod.m in Sources */,
				6658F64F1E12109E00209D79 /* ViewController.m in Sources */,
				6658F64C1E12109E00209D79 /* AppDelegate.m in Sources */,
				6658F6491E12109E00209D79 /* main.m in Sources */,
				6658F6631E1211AD00209D79 /* NSThreadViewController.m in Sources */,
				6658F6681E135B3100209D79 /* LockViewController.m in Sources */,
				6658F66B1E135E7A00209D79 /* NSOperationViewController.m in Sources */,
				6658F67C1E139E1B00209D79 /* SerialOperation.m in Sources */,
				6669AC461E1B4C0F006E6A0F /* GCDViewController.m in Sources */,
				6658F6701E13604F00209D79 /* OperationMethod.m in Sources */,
				6658F6731E1362B400209D79 /* SubClassOperation.m in Sources */,
				6658F6791E13923E00209D79 /* ConcurrenOperation2.m in Sources */,
				6658F6761E138E3000209D79 /* ConcurrenOperation.m in Sources */,
			);
			runOnlyForDeploymentPostprocessing = 0;
		};
/* End PBXSourcesBuildPhase section */

/* Begin PBXVariantGroup section */
		6658F6501E12109E00209D79 /* Main.storyboard */ = {
			isa = PBXVariantGroup;
			children = (
				6658F6511E12109E00209D79 /* Base */,
			);
			name = Main.storyboard;
			sourceTree = "<group>";
		};
		6658F6551E12109E00209D79 /* LaunchScreen.storyboard */ = {
			isa = PBXVariantGroup;
			children = (
				6658F6561E12109E00209D79 /* Base */,
			);
			name = LaunchScreen.storyboard;
			sourceTree = "<group>";
		};
/* End PBXVariantGroup section */

/* Begin XCBuildConfiguration section */
		6658F6591E12109E00209D79 /* Debug */ = {
			isa = XCBuildConfiguration;
			buildSettings = {
				ALWAYS_SEARCH_USER_PATHS = NO;
				CLANG_ANALYZER_NONNULL = YES;
				CLANG_CXX_LANGUAGE_STANDARD = "gnu++0x";
				CLANG_CXX_LIBRARY = "libc++";
				CLANG_ENABLE_MODULES = YES;
				CLANG_ENABLE_OBJC_ARC = YES;
				CLANG_WARN_BOOL_CONVERSION = YES;
				CLANG_WARN_CONSTANT_CONVERSION = YES;
				CLANG_WARN_DIRECT_OBJC_ISA_USAGE = YES_ERROR;
				CLANG_WARN_DOCUMENTATION_COMMENTS = YES;
				CLANG_WARN_EMPTY_BODY = YES;
				CLANG_WARN_ENUM_CONVERSION = YES;
				CLANG_WARN_INFINITE_RECURSION = YES;
				CLANG_WARN_INT_CONVERSION = YES;
				CLANG_WARN_OBJC_ROOT_CLASS = YES_ERROR;
				CLANG_WARN_SUSPICIOUS_MOVE = YES;
				CLANG_WARN_UNREACHABLE_CODE = YES;
				CLANG_WARN__DUPLICATE_METHOD_MATCH = YES;
				"CODE_SIGN_IDENTITY[sdk=iphoneos*]" = "iPhone Developer";
				COPY_PHASE_STRIP = NO;
				DEBUG_INFORMATION_FORMAT = dwarf;
				ENABLE_STRICT_OBJC_MSGSEND = YES;
				ENABLE_TESTABILITY = YES;
				GCC_C_LANGUAGE_STANDARD = gnu99;
				GCC_DYNAMIC_NO_PIC = NO;
				GCC_NO_COMMON_BLOCKS = YES;
				GCC_OPTIMIZATION_LEVEL = 0;
				GCC_PREPROCESSOR_DEFINITIONS = (
					"DEBUG=1",
					"$(inherited)",
				);
				GCC_WARN_64_TO_32_BIT_CONVERSION = YES;
				GCC_WARN_ABOUT_RETURN_TYPE = YES_ERROR;
				GCC_WARN_UNDECLARED_SELECTOR = YES;
				GCC_WARN_UNINITIALIZED_AUTOS = YES_AGGRESSIVE;
				GCC_WARN_UNUSED_FUNCTION = YES;
				GCC_WARN_UNUSED_VARIABLE = YES;
				IPHONEOS_DEPLOYMENT_TARGET = 10.2;
				MTL_ENABLE_DEBUG_INFO = YES;
				ONLY_ACTIVE_ARCH = YES;
				SDKROOT = iphoneos;
			};
			name = Debug;
		};
		6658F65A1E12109E00209D79 /* Release */ = {
			isa = XCBuildConfiguration;
			buildSettings = {
				ALWAYS_SEARCH_USER_PATHS = NO;
				CLANG_ANALYZER_NONNULL = YES;
				CLANG_CXX_LANGUAGE_STANDARD = "gnu++0x";
				CLANG_CXX_LIBRARY = "libc++";
				CLANG_ENABLE_MODULES = YES;
				CLANG_ENABLE_OBJC_ARC = YES;
				CLANG_WARN_BOOL_CONVERSION = YES;
				CLANG_WARN_CONSTANT_CONVERSION = YES;
				CLANG_WARN_DIRECT_OBJC_ISA_USAGE = YES_ERROR;
				CLANG_WARN_DOCUMENTATION_COMMENTS = YES;
				CLANG_WARN_EMPTY_BODY = YES;
				CLANG_WARN_ENUM_CONVERSION = YES;
				CLANG_WARN_INFINITE_RECURSION = YES;
				CLANG_WARN_INT_CONVERSION = YES;
				CLANG_WARN_OBJC_ROOT_CLASS = YES_ERROR;
				CLANG_WARN_SUSPICIOUS_MOVE = YES;
				CLANG_WARN_UNREACHABLE_CODE = YES;
				CLANG_WARN__DUPLICATE_METHOD_MATCH = YES;
				"CODE_SIGN_IDENTITY[sdk=iphoneos*]" = "iPhone Developer";
				COPY_PHASE_STRIP = NO;
				DEBUG_INFORMATION_FORMAT = "dwarf-with-dsym";
				ENABLE_NS_ASSERTIONS = NO;
				ENABLE_STRICT_OBJC_MSGSEND = YES;
				GCC_C_LANGUAGE_STANDARD = gnu99;
				GCC_NO_COMMON_BLOCKS = YES;
				GCC_WARN_64_TO_32_BIT_CONVERSION = YES;
				GCC_WARN_ABOUT_RETURN_TYPE = YES_ERROR;
				GCC_WARN_UNDECLARED_SELECTOR = YES;
				GCC_WARN_UNINITIALIZED_AUTOS = YES_AGGRESSIVE;
				GCC_WARN_UNUSED_FUNCTION = YES;
				GCC_WARN_UNUSED_VARIABLE = YES;
				IPHONEOS_DEPLOYMENT_TARGET = 10.2;
				MTL_ENABLE_DEBUG_INFO = NO;
				SDKROOT = iphoneos;
				VALIDATE_PRODUCT = YES;
			};
			name = Release;
		};
		6658F65C1E12109E00209D79 /* Debug */ = {
			isa = XCBuildConfiguration;
			buildSettings = {
				ASSETCATALOG_COMPILER_APPICON_NAME = AppIcon;
				DEVELOPMENT_TEAM = 2LTL7JD237;
				INFOPLIST_FILE = MultiThreadDemo/Info.plist;
				IPHONEOS_DEPLOYMENT_TARGET = 8.0;
				LD_RUNPATH_SEARCH_PATHS = "$(inherited) @executable_path/Frameworks";
				PRODUCT_BUNDLE_IDENTIFIER = cn.liyy.MultiThreadDemo;
				PRODUCT_NAME = "$(TARGET_NAME)";
			};
			name = Debug;
		};
		6658F65D1E12109E00209D79 /* Release */ = {
			isa = XCBuildConfiguration;
			buildSettings = {
				ASSETCATALOG_COMPILER_APPICON_NAME = AppIcon;
				DEVELOPMENT_TEAM = 2LTL7JD237;
				INFOPLIST_FILE = MultiThreadDemo/Info.plist;
				IPHONEOS_DEPLOYMENT_TARGET = 8.0;
				LD_RUNPATH_SEARCH_PATHS = "$(inherited) @executable_path/Frameworks";
				PRODUCT_BUNDLE_IDENTIFIER = cn.liyy.MultiThreadDemo;
				PRODUCT_NAME = "$(TARGET_NAME)";
			};
			name = Release;
		};
/* End XCBuildConfiguration section */

/* Begin XCConfigurationList section */
		6658F63F1E12109E00209D79 /* Build configuration list for PBXProject "MultiThreadDemo" */ = {
			isa = XCConfigurationList;
			buildConfigurations = (
				6658F6591E12109E00209D79 /* Debug */,
				6658F65A1E12109E00209D79 /* Release */,
			);
			defaultConfigurationIsVisible = 0;
			defaultConfigurationName = Release;
		};
		6658F65B1E12109E00209D79 /* Build configuration list for PBXNativeTarget "MultiThreadDemo" */ = {
			isa = XCConfigurationList;
			buildConfigurations = (
				6658F65C1E12109E00209D79 /* Debug */,
				6658F65D1E12109E00209D79 /* Release */,
			);
			defaultConfigurationIsVisible = 0;
			defaultConfigurationName = Release;
		};
/* End XCConfigurationList section */
	};
	rootObject = 6658F63C1E12109E00209D79 /* Project object */;
}
